
Microsoft Visual Studio Solution File, Format Version 12.00
# Visual Studio 14
VisualStudioVersion = 14.0.24720.0
MinimumVisualStudioVersion = 10.0.40219.1
Project("{FAE04EC0-301F-11D3-BF4B-00C04F79EFBC}") = "CSGOHub.Core", "CSGOHub.Core\CSGOHub.Core.csproj", "{03BDFF92-295C-4816-8016-202FC488F8FA}"
EndProject
Project("{FAE04EC0-301F-11D3-BF4B-00C04F79EFBC}") = "CSGOHub.Console", "CSGOHub.Console\CSGOHub.Console.csproj", "{B837653F-639B-49B2-87B3-8EB2B449E4AB}"
EndProject
Global
	GlobalSection(SolutionConfigurationPlatforms) = preSolution
		Debug|Any CPU = Debug|Any CPU
		Release|Any CPU = Release|Any CPU
	EndGlobalSection
	GlobalSection(ProjectConfigurationPlatforms) = postSolution
		{03BDFF92-295C-4816-8016-202FC488F8FA}.Debug|Any CPU.ActiveCfg = Debug|Any CPU
		{03BDFF92-295C-4816-8016-202FC488F8FA}.Debug|Any CPU.Build.0 = Debug|Any CPU
		{03BDFF92-295C-4816-8016-202FC488F8FA}.Release|Any CPU.ActiveCfg = Release|Any CPU
		{03BDFF92-295C-4816-8016-202FC488F8FA}.Release|Any CPU.Build.0 = Release|Any CPU
		{B837653F-639B-49B2-87B3-8EB2B449E4AB}.Debug|Any CPU.ActiveCfg = Debug|Any CPU
		{B837653F-639B-49B2-87B3-8EB2B449E4AB}.Debug|Any CPU.Build.0 = Debug|Any CPU
		{B837653F-639B-49B2-87B3-8EB2B449E4AB}.Release|Any CPU.ActiveCfg = Release|Any CPU
		{B837653F-639B-49B2-87B3-8EB2B449E4AB}.Release|Any CPU.Build.0 = Release|Any CPU
	EndGlobalSection
	GlobalSection(SolutionProperties) = preSolution
		HideSolutionNode = FALSE
	EndGlobalSection
EndGlobal
